
Microsoft Visual Studio Solution File, Format Version 12.00
# Visual Studio Version 17
VisualStudioVersion = 17.4.33110.190
MinimumVisualStudioVersion = 10.0.40219.1
Project("{FAE04EC0-301F-11D3-BF4B-00C04F79EFBC}") = "Single_Responsibility_Odev", "Single_Responsibility_Odev.csproj", "{CAB0C0D1-2CC0-42CF-8EB4-FEBF987D31F7}"
EndProject
Global
	GlobalSection(SolutionConfigurationPlatforms) = preSolution
		Debug|Any CPU = Debug|Any CPU
		Release|Any CPU = Release|Any CPU
	EndGlobalSection
	GlobalSection(ProjectConfigurationPlatforms) = postSolution
		{CAB0C0D1-2CC0-42CF-8EB4-FEBF987D31F7}.Debug|Any CPU.ActiveCfg = Debug|Any CPU
		{CAB0C0D1-2CC0-42CF-8EB4-FEBF987D31F7}.Debug|Any CPU.Build.0 = Debug|Any CPU
		{CAB0C0D1-2CC0-42CF-8EB4-FEBF987D31F7}.Release|Any CPU.ActiveCfg = Release|Any CPU
		{CAB0C0D1-2CC0-42CF-8EB4-FEBF987D31F7}.Release|Any CPU.Build.0 = Release|Any CPU
	EndGlobalSection
	GlobalSection(SolutionProperties) = preSolution
		HideSolutionNode = FALSE
	EndGlobalSection
	GlobalSection(ExtensibilityGlobals) = postSolution
		SolutionGuid = {D59B2847-8DB7-42FF-8E89-BFD1B307D72F}
	EndGlobalSection
EndGlobal
